
Microsoft Visual Studio Solution File, Format Version 12.00
# Visual Studio Version 17
VisualStudioVersion = 17.0.31903.59
MinimumVisualStudioVersion = 10.0.40219.1
Project("{FAE04EC0-301F-11D3-BF4B-00C04F79EFBC}") = "BTCPayServer.Plugins.Branta", "BTCPayServer.Plugins.Branta\BTCPayServer.Plugins.Branta.csproj", "{3D32A78C-7421-794B-017C-5078F853D5F6}"
EndProject
Project("{FAE04EC0-301F-11D3-BF4B-00C04F79EFBC}") = "BTCPayServer.Plugins.Branta.Tests", "BTCPayServer.Plugins.Branta.Tests\BTCPayServer.Plugins.Branta.Tests.csproj", "{A82B87BC-B617-485B-B6A6-1B8B08672801}"
EndProject
Global
	GlobalSection(SolutionConfigurationPlatforms) = preSolution
		Debug|Any CPU = Debug|Any CPU
		Release|Any CPU = Release|Any CPU
	EndGlobalSection
	GlobalSection(ProjectConfigurationPlatforms) = postSolution
		{3D32A78C-7421-794B-017C-5078F853D5F6}.Debug|Any CPU.ActiveCfg = Debug|Any CPU
		{3D32A78C-7421-794B-017C-5078F853D5F6}.Debug|Any CPU.Build.0 = Debug|Any CPU
		{3D32A78C-7421-794B-017C-5078F853D5F6}.Release|Any CPU.ActiveCfg = Release|Any CPU
		{3D32A78C-7421-794B-017C-5078F853D5F6}.Release|Any CPU.Build.0 = Release|Any CPU
		{A82B87BC-B617-485B-B6A6-1B8B08672801}.Debug|Any CPU.ActiveCfg = Debug|Any CPU
		{A82B87BC-B617-485B-B6A6-1B8B08672801}.Debug|Any CPU.Build.0 = Debug|Any CPU
		{A82B87BC-B617-485B-B6A6-1B8B08672801}.Release|Any CPU.ActiveCfg = Release|Any CPU
		{A82B87BC-B617-485B-B6A6-1B8B08672801}.Release|Any CPU.Build.0 = Release|Any CPU
	EndGlobalSection
	GlobalSection(SolutionProperties) = preSolution
		HideSolutionNode = FALSE
	EndGlobalSection
EndGlobal
